
Microsoft Visual Studio Solution File, Format Version 12.00
# Visual Studio 14
VisualStudioVersion = 14.0.24720.0
MinimumVisualStudioVersion = 10.0.40219.1
Project("{FAE04EC0-301F-11D3-BF4B-00C04F79EFBC}") = "TypeScriptApp", "TypeScriptApp\TypeScriptApp.csproj", "{8250B051-ACAB-4499-A34E-884DFCF06997}"
EndProject
Project("{FAE04EC0-301F-11D3-BF4B-00C04F79EFBC}") = "Server", "Server\Server.csproj", "{5EBB5207-3C6A-4D07-8725-09D92F0AC937}"
EndProject
Global
	GlobalSection(SolutionConfigurationPlatforms) = preSolution
		Debug|Any CPU = Debug|Any CPU
		Release|Any CPU = Release|Any CPU
	EndGlobalSection
	GlobalSection(ProjectConfigurationPlatforms) = postSolution
		{8250B051-ACAB-4499-A34E-884DFCF06997}.Debug|Any CPU.ActiveCfg = Debug|Any CPU
		{8250B051-ACAB-4499-A34E-884DFCF06997}.Debug|Any CPU.Build.0 = Debug|Any CPU
		{8250B051-ACAB-4499-A34E-884DFCF06997}.Release|Any CPU.ActiveCfg = Release|Any CPU
		{8250B051-ACAB-4499-A34E-884DFCF06997}.Release|Any CPU.Build.0 = Release|Any CPU
		{5EBB5207-3C6A-4D07-8725-09D92F0AC937}.Debug|Any CPU.ActiveCfg = Debug|Any CPU
		{5EBB5207-3C6A-4D07-8725-09D92F0AC937}.Debug|Any CPU.Build.0 = Debug|Any CPU
		{5EBB5207-3C6A-4D07-8725-09D92F0AC937}.Release|Any CPU.ActiveCfg = Release|Any CPU
		{5EBB5207-3C6A-4D07-8725-09D92F0AC937}.Release|Any CPU.Build.0 = Release|Any CPU
	EndGlobalSection
	GlobalSection(SolutionProperties) = preSolution
		HideSolutionNode = FALSE
	EndGlobalSection
EndGlobal
